// !$*UTF8*$!
{
	archiveVersion = 1;
	classes = {
	};
	objectVersion = 55;
	objects = {

/* Begin PBXBuildFile section */
		7443259C28C5021A009D8085 /* AppDelegate.swift in Sources */ = {isa = PBXBuildFile; fileRef = 7443259B28C5021A009D8085 /* AppDelegate.swift */; };
		7443259E28C5021A009D8085 /* SceneDelegate.swift in Sources */ = {isa = PBXBuildFile; fileRef = 7443259D28C5021A009D8085 /* SceneDelegate.swift */; };
		744325A028C5021A009D8085 /* HomeViewController.swift in Sources */ = {isa = PBXBuildFile; fileRef = 7443259F28C5021A009D8085 /* HomeViewController.swift */; };
		744325A328C5021A009D8085 /* Main.storyboard in Resources */ = {isa = PBXBuildFile; fileRef = 744325A128C5021A009D8085 /* Main.storyboard */; };
		744325A528C5021B009D8085 /* Assets.xcassets in Resources */ = {isa = PBXBuildFile; fileRef = 744325A428C5021B009D8085 /* Assets.xcassets */; };
		744325A828C5021B009D8085 /* LaunchScreen.storyboard in Resources */ = {isa = PBXBuildFile; fileRef = 744325A628C5021B009D8085 /* LaunchScreen.storyboard */; };
		747AC88F2926BFF6006DD6CF /* LikeViewController.swift in Sources */ = {isa = PBXBuildFile; fileRef = 747AC88E2926BFF6006DD6CF /* LikeViewController.swift */; };
		747AC8B429278E73006DD6CF /* SubscriptionRequestsCell.swift in Sources */ = {isa = PBXBuildFile; fileRef = 747AC8B329278E73006DD6CF /* SubscriptionRequestsCell.swift */; };
		747CF990291B941300A8B0E2 /* PostCell.swift in Sources */ = {isa = PBXBuildFile; fileRef = 747CF98F291B941300A8B0E2 /* PostCell.swift */; };
		74AD037F292048DE008682DF /* RecommendCell.swift in Sources */ = {isa = PBXBuildFile; fileRef = 74AD037E292048DE008682DF /* RecommendCell.swift */; };
		74BD3185292A430B007FC41E /* LikeYourContentModel.swift in Sources */ = {isa = PBXBuildFile; fileRef = 74BD3184292A430B007FC41E /* LikeYourContentModel.swift */; };
		74BD3187292A635C007FC41E /* ContentWithButtonCell.swift in Sources */ = {isa = PBXBuildFile; fileRef = 74BD3186292A635C007FC41E /* ContentWithButtonCell.swift */; };
		74BD3189292A66D1007FC41E /* ContentWithButtonModel.swift in Sources */ = {isa = PBXBuildFile; fileRef = 74BD3188292A66D1007FC41E /* ContentWithButtonModel.swift */; };
		74BF47CA291FBC4400F28EA2 /* PhotoTapeCell.swift in Sources */ = {isa = PBXBuildFile; fileRef = 74BF47C9291FBC4400F28EA2 /* PhotoTapeCell.swift */; };
		74D879D229287F55002B9DAA /* LikeYourContentCell.swift in Sources */ = {isa = PBXBuildFile; fileRef = 74D879D129287F55002B9DAA /* LikeYourContentCell.swift */; };
		74F22134291A5D0400D18463 /* InstaTabBarViewController.swift in Sources */ = {isa = PBXBuildFile; fileRef = 74F22133291A5D0400D18463 /* InstaTabBarViewController.swift */; };
		74F22136291A5DF400D18463 /* SearchViewController.swift in Sources */ = {isa = PBXBuildFile; fileRef = 74F22135291A5DF400D18463 /* SearchViewController.swift */; };
		74F22138291A5E5700D18463 /* AddViewController.swift in Sources */ = {isa = PBXBuildFile; fileRef = 74F22137291A5E5700D18463 /* AddViewController.swift */; };
		74F2213C291A5FBA00D18463 /* PersonalRecommendationsViewController.swift in Sources */ = {isa = PBXBuildFile; fileRef = 74F2213B291A5FBA00D18463 /* PersonalRecommendationsViewController.swift */; };
/* End PBXBuildFile section */

/* Begin PBXFileReference section */
		7443259828C5021A009D8085 /* Homework.app */ = {isa = PBXFileReference; explicitFileType = wrapper.application; includeInIndex = 0; path = Homework.app; sourceTree = BUILT_PRODUCTS_DIR; };
		7443259B28C5021A009D8085 /* AppDelegate.swift */ = {isa = PBXFileReference; lastKnownFileType = sourcecode.swift; path = AppDelegate.swift; sourceTree = "<group>"; };
		7443259D28C5021A009D8085 /* SceneDelegate.swift */ = {isa = PBXFileReference; lastKnownFileType = sourcecode.swift; path = SceneDelegate.swift; sourceTree = "<group>"; };
		7443259F28C5021A009D8085 /* HomeViewController.swift */ = {isa = PBXFileReference; lastKnownFileType = sourcecode.swift; path = HomeViewController.swift; sourceTree = "<group>"; };
		744325A228C5021A009D8085 /* Base */ = {isa = PBXFileReference; lastKnownFileType = file.storyboard; name = Base; path = Base.lproj/Main.storyboard; sourceTree = "<group>"; };
		744325A428C5021B009D8085 /* Assets.xcassets */ = {isa = PBXFileReference; lastKnownFileType = folder.assetcatalog; path = Assets.xcassets; sourceTree = "<group>"; };
		744325A728C5021B009D8085 /* Base */ = {isa = PBXFileReference; lastKnownFileType = file.storyboard; name = Base; path = Base.lproj/LaunchScreen.storyboard; sourceTree = "<group>"; };
		744325A928C5021B009D8085 /* Info.plist */ = {isa = PBXFileReference; lastKnownFileType = text.plist.xml; path = Info.plist; sourceTree = "<group>"; };
		747AC88E2926BFF6006DD6CF /* LikeViewController.swift */ = {isa = PBXFileReference; lastKnownFileType = sourcecode.swift; path = LikeViewController.swift; sourceTree = "<group>"; };
		747AC8B329278E73006DD6CF /* SubscriptionRequestsCell.swift */ = {isa = PBXFileReference; lastKnownFileType = sourcecode.swift; path = SubscriptionRequestsCell.swift; sourceTree = "<group>"; };
		747CF98F291B941300A8B0E2 /* PostCell.swift */ = {isa = PBXFileReference; lastKnownFileType = sourcecode.swift; path = PostCell.swift; sourceTree = "<group>"; };
		74AD037E292048DE008682DF /* RecommendCell.swift */ = {isa = PBXFileReference; lastKnownFileType = sourcecode.swift; path = RecommendCell.swift; sourceTree = "<group>"; };
		74BD3184292A430B007FC41E /* LikeYourContentModel.swift */ = {isa = PBXFileReference; lastKnownFileType = sourcecode.swift; path = LikeYourContentModel.swift; sourceTree = "<group>"; };
		74BD3186292A635C007FC41E /* ContentWithButtonCell.swift */ = {isa = PBXFileReference; lastKnownFileType = sourcecode.swift; path = ContentWithButtonCell.swift; sourceTree = "<group>"; };
		74BD3188292A66D1007FC41E /* ContentWithButtonModel.swift */ = {isa = PBXFileReference; lastKnownFileType = sourcecode.swift; path = ContentWithButtonModel.swift; sourceTree = "<group>"; };
		74BF47C9291FBC4400F28EA2 /* PhotoTapeCell.swift */ = {isa = PBXFileReference; lastKnownFileType = sourcecode.swift; path = PhotoTapeCell.swift; sourceTree = "<group>"; };
		74D879D129287F55002B9DAA /* LikeYourContentCell.swift */ = {isa = PBXFileReference; lastKnownFileType = sourcecode.swift; path = LikeYourContentCell.swift; sourceTree = "<group>"; };
		74F22133291A5D0400D18463 /* InstaTabBarViewController.swift */ = {isa = PBXFileReference; lastKnownFileType = sourcecode.swift; path = InstaTabBarViewController.swift; sourceTree = "<group>"; };
		74F22135291A5DF400D18463 /* SearchViewController.swift */ = {isa = PBXFileReference; lastKnownFileType = sourcecode.swift; path = SearchViewController.swift; sourceTree = "<group>"; };
		74F22137291A5E5700D18463 /* AddViewController.swift */ = {isa = PBXFileReference; lastKnownFileType = sourcecode.swift; path = AddViewController.swift; sourceTree = "<group>"; };
		74F2213B291A5FBA00D18463 /* PersonalRecommendationsViewController.swift */ = {isa = PBXFileReference; lastKnownFileType = sourcecode.swift; path = PersonalRecommendationsViewController.swift; sourceTree = "<group>"; };
/* End PBXFileReference section */

/* Begin PBXFrameworksBuildPhase section */
		7443259528C5021A009D8085 /* Frameworks */ = {
			isa = PBXFrameworksBuildPhase;
			buildActionMask = 2147483647;
			files = (
			);
			runOnlyForDeploymentPostprocessing = 0;
		};
/* End PBXFrameworksBuildPhase section */

/* Begin PBXGroup section */
		7443258F28C5021A009D8085 = {
			isa = PBXGroup;
			children = (
				7443259A28C5021A009D8085 /* Homework */,
				7443259928C5021A009D8085 /* Products */,
			);
			sourceTree = "<group>";
		};
		7443259928C5021A009D8085 /* Products */ = {
			isa = PBXGroup;
			children = (
				7443259828C5021A009D8085 /* Homework.app */,
			);
			name = Products;
			sourceTree = "<group>";
		};
		7443259A28C5021A009D8085 /* Homework */ = {
			isa = PBXGroup;
			children = (
				7443259B28C5021A009D8085 /* AppDelegate.swift */,
				7443259D28C5021A009D8085 /* SceneDelegate.swift */,
				74F22133291A5D0400D18463 /* InstaTabBarViewController.swift */,
				7443259F28C5021A009D8085 /* HomeViewController.swift */,
				747AC88E2926BFF6006DD6CF /* LikeViewController.swift */,
				74F22135291A5DF400D18463 /* SearchViewController.swift */,
				74F22137291A5E5700D18463 /* AddViewController.swift */,
				74F2213B291A5FBA00D18463 /* PersonalRecommendationsViewController.swift */,
				744325A128C5021A009D8085 /* Main.storyboard */,
				744325A428C5021B009D8085 /* Assets.xcassets */,
				744325A628C5021B009D8085 /* LaunchScreen.storyboard */,
				744325A928C5021B009D8085 /* Info.plist */,
				74BD3183292A42B0007FC41E /* Models */,
				74BA7D602921C911000AC98B /* HomeViewControllerCells */,
				747AC8B229278E00006DD6CF /* LikeViewControllerCells */,
			);
			path = Homework;
			sourceTree = "<group>";
		};
		747AC8B229278E00006DD6CF /* LikeViewControllerCells */ = {
			isa = PBXGroup;
			children = (
				747AC8B329278E73006DD6CF /* SubscriptionRequestsCell.swift */,
				74D879D129287F55002B9DAA /* LikeYourContentCell.swift */,
				74BD3186292A635C007FC41E /* ContentWithButtonCell.swift */,
			);
			path = LikeViewControllerCells;
			sourceTree = "<group>";
		};
		74BA7D602921C911000AC98B /* HomeViewControllerCells */ = {
			isa = PBXGroup;
			children = (
				747CF98F291B941300A8B0E2 /* PostCell.swift */,
				74BF47C9291FBC4400F28EA2 /* PhotoTapeCell.swift */,
				74AD037E292048DE008682DF /* RecommendCell.swift */,
			);
			path = HomeViewControllerCells;
			sourceTree = "<group>";
		};
		74BD3183292A42B0007FC41E /* Models */ = {
			isa = PBXGroup;
			children = (
				74BD3184292A430B007FC41E /* LikeYourContentModel.swift */,
				74BD3188292A66D1007FC41E /* ContentWithButtonModel.swift */,
			);
			path = Models;
			sourceTree = "<group>";
		};
/* End PBXGroup section */

/* Begin PBXNativeTarget section */
		7443259728C5021A009D8085 /* Homework */ = {
			isa = PBXNativeTarget;
			buildConfigurationList = 744325AC28C5021B009D8085 /* Build configuration list for PBXNativeTarget "Homework" */;
			buildPhases = (
				7443259428C5021A009D8085 /* Sources */,
				7443259528C5021A009D8085 /* Frameworks */,
				7443259628C5021A009D8085 /* Resources */,
			);
			buildRules = (
			);
			dependencies = (
			);
			name = Homework;
			productName = Homework;
			productReference = 7443259828C5021A009D8085 /* Homework.app */;
			productType = "com.apple.product-type.application";
		};
/* End PBXNativeTarget section */

/* Begin PBXProject section */
		7443259028C5021A009D8085 /* Project object */ = {
			isa = PBXProject;
			attributes = {
				BuildIndependentTargetsInParallel = 1;
				LastSwiftUpdateCheck = 1340;
				LastUpgradeCheck = 1340;
				TargetAttributes = {
					7443259728C5021A009D8085 = {
						CreatedOnToolsVersion = 13.4.1;
					};
				};
			};
			buildConfigurationList = 7443259328C5021A009D8085 /* Build configuration list for PBXProject "Homework" */;
			compatibilityVersion = "Xcode 13.0";
			developmentRegion = en;
			hasScannedForEncodings = 0;
			knownRegions = (
				en,
				Base,
			);
			mainGroup = 7443258F28C5021A009D8085;
			productRefGroup = 7443259928C5021A009D8085 /* Products */;
			projectDirPath = "";
			projectRoot = "";
			targets = (
				7443259728C5021A009D8085 /* Homework */,
			);
		};
/* End PBXProject section */

/* Begin PBXResourcesBuildPhase section */
		7443259628C5021A009D8085 /* Resources */ = {
			isa = PBXResourcesBuildPhase;
			buildActionMask = 2147483647;
			files = (
				744325A828C5021B009D8085 /* LaunchScreen.storyboard in Resources */,
				744325A528C5021B009D8085 /* Assets.xcassets in Resources */,
				744325A328C5021A009D8085 /* Main.storyboard in Resources */,
			);
			runOnlyForDeploymentPostprocessing = 0;
		};
/* End PBXResourcesBuildPhase section */

/* Begin PBXSourcesBuildPhase section */
		7443259428C5021A009D8085 /* Sources */ = {
			isa = PBXSourcesBuildPhase;
			buildActionMask = 2147483647;
			files = (
				74F22136291A5DF400D18463 /* SearchViewController.swift in Sources */,
				74BD3185292A430B007FC41E /* LikeYourContentModel.swift in Sources */,
				74F2213C291A5FBA00D18463 /* PersonalRecommendationsViewController.swift in Sources */,
				747AC8B429278E73006DD6CF /* SubscriptionRequestsCell.swift in Sources */,
				74F22134291A5D0400D18463 /* InstaTabBarViewController.swift in Sources */,
				74F22138291A5E5700D18463 /* AddViewController.swift in Sources */,
				744325A028C5021A009D8085 /* HomeViewController.swift in Sources */,
				74BF47CA291FBC4400F28EA2 /* PhotoTapeCell.swift in Sources */,
				74AD037F292048DE008682DF /* RecommendCell.swift in Sources */,
				7443259C28C5021A009D8085 /* AppDelegate.swift in Sources */,
				7443259E28C5021A009D8085 /* SceneDelegate.swift in Sources */,
				74BD3189292A66D1007FC41E /* ContentWithButtonModel.swift in Sources */,
				747AC88F2926BFF6006DD6CF /* LikeViewController.swift in Sources */,
				747CF990291B941300A8B0E2 /* PostCell.swift in Sources */,
				74BD3187292A635C007FC41E /* ContentWithButtonCell.swift in Sources */,
				74D879D229287F55002B9DAA /* LikeYourContentCell.swift in Sources */,
			);
			runOnlyForDeploymentPostprocessing = 0;
		};
/* End PBXSourcesBuildPhase section */

/* Begin PBXVariantGroup section */
		744325A128C5021A009D8085 /* Main.storyboard */ = {
			isa = PBXVariantGroup;
			children = (
				744325A228C5021A009D8085 /* Base */,
			);
			name = Main.storyboard;
			sourceTree = "<group>";
		};
		744325A628C5021B009D8085 /* LaunchScreen.storyboard */ = {
			isa = PBXVariantGroup;
			children = (
				744325A728C5021B009D8085 /* Base */,
			);
			name = LaunchScreen.storyboard;
			sourceTree = "<group>";
		};
/* End PBXVariantGroup section */

/* Begin XCBuildConfiguration section */
		744325AA28C5021B009D8085 /* Debug */ = {
			isa = XCBuildConfiguration;
			buildSettings = {
				ALWAYS_SEARCH_USER_PATHS = NO;
				CLANG_ANALYZER_NONNULL = YES;
				CLANG_ANALYZER_NUMBER_OBJECT_CONVERSION = YES_AGGRESSIVE;
				CLANG_CXX_LANGUAGE_STANDARD = "gnu++17";
				CLANG_ENABLE_MODULES = YES;
				CLANG_ENABLE_OBJC_ARC = YES;
				CLANG_ENABLE_OBJC_WEAK = YES;
				CLANG_WARN_BLOCK_CAPTURE_AUTORELEASING = YES;
				CLANG_WARN_BOOL_CONVERSION = YES;
				CLANG_WARN_COMMA = YES;
				CLANG_WARN_CONSTANT_CONVERSION = YES;
				CLANG_WARN_DEPRECATED_OBJC_IMPLEMENTATIONS = YES;
				CLANG_WARN_DIRECT_OBJC_ISA_USAGE = YES_ERROR;
				CLANG_WARN_DOCUMENTATION_COMMENTS = YES;
				CLANG_WARN_EMPTY_BODY = YES;
				CLANG_WARN_ENUM_CONVERSION = YES;
				CLANG_WARN_INFINITE_RECURSION = YES;
				CLANG_WARN_INT_CONVERSION = YES;
				CLANG_WARN_NON_LITERAL_NULL_CONVERSION = YES;
				CLANG_WARN_OBJC_IMPLICIT_RETAIN_SELF = YES;
				CLANG_WARN_OBJC_LITERAL_CONVERSION = YES;
				CLANG_WARN_OBJC_ROOT_CLASS = YES_ERROR;
				CLANG_WARN_QUOTED_INCLUDE_IN_FRAMEWORK_HEADER = YES;
				CLANG_WARN_RANGE_LOOP_ANALYSIS = YES;
				CLANG_WARN_STRICT_PROTOTYPES = YES;
				CLANG_WARN_SUSPICIOUS_MOVE = YES;
				CLANG_WARN_UNGUARDED_AVAILABILITY = YES_AGGRESSIVE;
				CLANG_WARN_UNREACHABLE_CODE = YES;
				CLANG_WARN__DUPLICATE_METHOD_MATCH = YES;
				COPY_PHASE_STRIP = NO;
				DEBUG_INFORMATION_FORMAT = dwarf;
				ENABLE_STRICT_OBJC_MSGSEND = YES;
				ENABLE_TESTABILITY = YES;
				GCC_C_LANGUAGE_STANDARD = gnu11;
				GCC_DYNAMIC_NO_PIC = NO;
				GCC_NO_COMMON_BLOCKS = YES;
				GCC_OPTIMIZATION_LEVEL = 0;
				GCC_PREPROCESSOR_DEFINITIONS = (
					"DEBUG=1",
					"$(inherited)",
				);
				GCC_WARN_64_TO_32_BIT_CONVERSION = YES;
				GCC_WARN_ABOUT_RETURN_TYPE = YES_ERROR;
				GCC_WARN_UNDECLARED_SELECTOR = YES;
				GCC_WARN_UNINITIALIZED_AUTOS = YES_AGGRESSIVE;
				GCC_WARN_UNUSED_FUNCTION = YES;
				GCC_WARN_UNUSED_VARIABLE = YES;
				IPHONEOS_DEPLOYMENT_TARGET = 15.5;
				MTL_ENABLE_DEBUG_INFO = INCLUDE_SOURCE;
				MTL_FAST_MATH = YES;
				ONLY_ACTIVE_ARCH = YES;
				SDKROOT = iphoneos;
				SWIFT_ACTIVE_COMPILATION_CONDITIONS = DEBUG;
				SWIFT_OPTIMIZATION_LEVEL = "-Onone";
			};
			name = Debug;
		};
		744325AB28C5021B009D8085 /* Release */ = {
			isa = XCBuildConfiguration;
			buildSettings = {
				ALWAYS_SEARCH_USER_PATHS = NO;
				CLANG_ANALYZER_NONNULL = YES;
				CLANG_ANALYZER_NUMBER_OBJECT_CONVERSION = YES_AGGRESSIVE;
				CLANG_CXX_LANGUAGE_STANDARD = "gnu++17";
				CLANG_ENABLE_MODULES = YES;
				CLANG_ENABLE_OBJC_ARC = YES;
				CLANG_ENABLE_OBJC_WEAK = YES;
				CLANG_WARN_BLOCK_CAPTURE_AUTORELEASING = YES;
				CLANG_WARN_BOOL_CONVERSION = YES;
				CLANG_WARN_COMMA = YES;
				CLANG_WARN_CONSTANT_CONVERSION = YES;
				CLANG_WARN_DEPRECATED_OBJC_IMPLEMENTATIONS = YES;
				CLANG_WARN_DIRECT_OBJC_ISA_USAGE = YES_ERROR;
				CLANG_WARN_DOCUMENTATION_COMMENTS = YES;
				CLANG_WARN_EMPTY_BODY = YES;
				CLANG_WARN_ENUM_CONVERSION = YES;
				CLANG_WARN_INFINITE_RECURSION = YES;
				CLANG_WARN_INT_CONVERSION = YES;
				CLANG_WARN_NON_LITERAL_NULL_CONVERSION = YES;
				CLANG_WARN_OBJC_IMPLICIT_RETAIN_SELF = YES;
				CLANG_WARN_OBJC_LITERAL_CONVERSION = YES;
				CLANG_WARN_OBJC_ROOT_CLASS = YES_ERROR;
				CLANG_WARN_QUOTED_INCLUDE_IN_FRAMEWORK_HEADER = YES;
				CLANG_WARN_RANGE_LOOP_ANALYSIS = YES;
				CLANG_WARN_STRICT_PROTOTYPES = YES;
				CLANG_WARN_SUSPICIOUS_MOVE = YES;
				CLANG_WARN_UNGUARDED_AVAILABILITY = YES_AGGRESSIVE;
				CLANG_WARN_UNREACHABLE_CODE = YES;
				CLANG_WARN__DUPLICATE_METHOD_MATCH = YES;
				COPY_PHASE_STRIP = NO;
				DEBUG_INFORMATION_FORMAT = "dwarf-with-dsym";
				ENABLE_NS_ASSERTIONS = NO;
				ENABLE_STRICT_OBJC_MSGSEND = YES;
				GCC_C_LANGUAGE_STANDARD = gnu11;
				GCC_NO_COMMON_BLOCKS = YES;
				GCC_WARN_64_TO_32_BIT_CONVERSION = YES;
				GCC_WARN_ABOUT_RETURN_TYPE = YES_ERROR;
				GCC_WARN_UNDECLARED_SELECTOR = YES;
				GCC_WARN_UNINITIALIZED_AUTOS = YES_AGGRESSIVE;
				GCC_WARN_UNUSED_FUNCTION = YES;
				GCC_WARN_UNUSED_VARIABLE = YES;
				IPHONEOS_DEPLOYMENT_TARGET = 15.5;
				MTL_ENABLE_DEBUG_INFO = NO;
				MTL_FAST_MATH = YES;
				SDKROOT = iphoneos;
				SWIFT_COMPILATION_MODE = wholemodule;
				SWIFT_OPTIMIZATION_LEVEL = "-O";
				VALIDATE_PRODUCT = YES;
			};
			name = Release;
		};
		744325AD28C5021B009D8085 /* Debug */ = {
			isa = XCBuildConfiguration;
			buildSettings = {
				ASSETCATALOG_COMPILER_APPICON_NAME = AppIcon;
				ASSETCATALOG_COMPILER_GLOBAL_ACCENT_COLOR_NAME = AccentColor;
				CODE_SIGN_STYLE = Automatic;
				CURRENT_PROJECT_VERSION = 1;
				DEVELOPMENT_TEAM = FH3RJ28233;
				GENERATE_INFOPLIST_FILE = YES;
				INFOPLIST_FILE = Homework/Info.plist;
				INFOPLIST_KEY_UIApplicationSupportsIndirectInputEvents = YES;
				INFOPLIST_KEY_UILaunchStoryboardName = LaunchScreen;
				INFOPLIST_KEY_UIMainStoryboardFile = Main;
				INFOPLIST_KEY_UISupportedInterfaceOrientations_iPad = "UIInterfaceOrientationPortrait UIInterfaceOrientationPortraitUpsideDown UIInterfaceOrientationLandscapeLeft UIInterfaceOrientationLandscapeRight";
				INFOPLIST_KEY_UISupportedInterfaceOrientations_iPhone = "UIInterfaceOrientationPortrait UIInterfaceOrientationLandscapeLeft UIInterfaceOrientationLandscapeRight";
				LD_RUNPATH_SEARCH_PATHS = (
					"$(inherited)",
					"@executable_path/Frameworks",
				);
				MARKETING_VERSION = 1.0;
				PRODUCT_BUNDLE_IDENTIFIER = home.Homework;
				PRODUCT_NAME = "$(TARGET_NAME)";
				SWIFT_EMIT_LOC_STRINGS = YES;
				SWIFT_VERSION = 5.0;
				TARGETED_DEVICE_FAMILY = "1,2";
			};
			name = Debug;
		};
		744325AE28C5021B009D8085 /* Release */ = {
			isa = XCBuildConfiguration;
			buildSettings = {
				ASSETCATALOG_COMPILER_APPICON_NAME = AppIcon;
				ASSETCATALOG_COMPILER_GLOBAL_ACCENT_COLOR_NAME = AccentColor;
				CODE_SIGN_STYLE = Automatic;
				CURRENT_PROJECT_VERSION = 1;
				DEVELOPMENT_TEAM = FH3RJ28233;
				GENERATE_INFOPLIST_FILE = YES;
				INFOPLIST_FILE = Homework/Info.plist;
				INFOPLIST_KEY_UIApplicationSupportsIndirectInputEvents = YES;
				INFOPLIST_KEY_UILaunchStoryboardName = LaunchScreen;
				INFOPLIST_KEY_UIMainStoryboardFile = Main;
				INFOPLIST_KEY_UISupportedInterfaceOrientations_iPad = "UIInterfaceOrientationPortrait UIInterfaceOrientationPortraitUpsideDown UIInterfaceOrientationLandscapeLeft UIInterfaceOrientationLandscapeRight";
				INFOPLIST_KEY_UISupportedInterfaceOrientations_iPhone = "UIInterfaceOrientationPortrait UIInterfaceOrientationLandscapeLeft UIInterfaceOrientationLandscapeRight";
				LD_RUNPATH_SEARCH_PATHS = (
					"$(inherited)",
					"@executable_path/Frameworks",
				);
				MARKETING_VERSION = 1.0;
				PRODUCT_BUNDLE_IDENTIFIER = home.Homework;
				PRODUCT_NAME = "$(TARGET_NAME)";
				SWIFT_EMIT_LOC_STRINGS = YES;
				SWIFT_VERSION = 5.0;
				TARGETED_DEVICE_FAMILY = "1,2";
			};
			name = Release;
		};
/* End XCBuildConfiguration section */

/* Begin XCConfigurationList section */
		7443259328C5021A009D8085 /* Build configuration list for PBXProject "Homework" */ = {
			isa = XCConfigurationList;
			buildConfigurations = (
				744325AA28C5021B009D8085 /* Debug */,
				744325AB28C5021B009D8085 /* Release */,
			);
			defaultConfigurationIsVisible = 0;
			defaultConfigurationName = Release;
		};
		744325AC28C5021B009D8085 /* Build configuration list for PBXNativeTarget "Homework" */ = {
			isa = XCConfigurationList;
			buildConfigurations = (
				744325AD28C5021B009D8085 /* Debug */,
				744325AE28C5021B009D8085 /* Release */,
			);
			defaultConfigurationIsVisible = 0;
			defaultConfigurationName = Release;
		};
/* End XCConfigurationList section */
	};
	rootObject = 7443259028C5021A009D8085 /* Project object */;
}
